
Microsoft Visual Studio Solution File, Format Version 12.00
# Visual Studio 15
VisualStudioVersion = 15.0.28307.645
MinimumVisualStudioVersion = 10.0.40219.1
Project("{FAE04EC0-301F-11D3-BF4B-00C04F79EFBC}") = "Paycompute", "Paycompute\Paycompute.csproj", "{4522829D-A8B9-4B47-AC23-CAF51DC47657}"
EndProject
Project("{FAE04EC0-301F-11D3-BF4B-00C04F79EFBC}") = "Paycompute.Services", "Paycompute.Services\Paycompute.Services.csproj", "{8EE6B55D-F379-43F7-B1E4-746E7850148C}"
EndProject
Project("{FAE04EC0-301F-11D3-BF4B-00C04F79EFBC}") = "Paycompute.Persistence", "Paycompute.Persistence\Paycompute.Persistence.csproj", "{C5C588E8-5C52-4136-8BF0-8B1DFDF4E7D3}"
EndProject
Project("{FAE04EC0-301F-11D3-BF4B-00C04F79EFBC}") = "Paycompute.Entity", "Paycompute.Entity\Paycompute.Entity.csproj", "{DA5FEB9C-FB65-4C56-82CA-145C22B9F8B9}"
EndProject
Global
	GlobalSection(SolutionConfigurationPlatforms) = preSolution
		Debug|Any CPU = Debug|Any CPU
		Release|Any CPU = Release|Any CPU
	EndGlobalSection
	GlobalSection(ProjectConfigurationPlatforms) = postSolution
		{4522829D-A8B9-4B47-AC23-CAF51DC47657}.Debug|Any CPU.ActiveCfg = Debug|Any CPU
		{4522829D-A8B9-4B47-AC23-CAF51DC47657}.Debug|Any CPU.Build.0 = Debug|Any CPU
		{4522829D-A8B9-4B47-AC23-CAF51DC47657}.Release|Any CPU.ActiveCfg = Release|Any CPU
		{4522829D-A8B9-4B47-AC23-CAF51DC47657}.Release|Any CPU.Build.0 = Release|Any CPU
		{8EE6B55D-F379-43F7-B1E4-746E7850148C}.Debug|Any CPU.ActiveCfg = Debug|Any CPU
		{8EE6B55D-F379-43F7-B1E4-746E7850148C}.Debug|Any CPU.Build.0 = Debug|Any CPU
		{8EE6B55D-F379-43F7-B1E4-746E7850148C}.Release|Any CPU.ActiveCfg = Release|Any CPU
		{8EE6B55D-F379-43F7-B1E4-746E7850148C}.Release|Any CPU.Build.0 = Release|Any CPU
		{C5C588E8-5C52-4136-8BF0-8B1DFDF4E7D3}.Debug|Any CPU.ActiveCfg = Debug|Any CPU
		{C5C588E8-5C52-4136-8BF0-8B1DFDF4E7D3}.Debug|Any CPU.Build.0 = Debug|Any CPU
		{C5C588E8-5C52-4136-8BF0-8B1DFDF4E7D3}.Release|Any CPU.ActiveCfg = Release|Any CPU
		{C5C588E8-5C52-4136-8BF0-8B1DFDF4E7D3}.Release|Any CPU.Build.0 = Release|Any CPU
		{DA5FEB9C-FB65-4C56-82CA-145C22B9F8B9}.Debug|Any CPU.ActiveCfg = Debug|Any CPU
		{DA5FEB9C-FB65-4C56-82CA-145C22B9F8B9}.Debug|Any CPU.Build.0 = Debug|Any CPU
		{DA5FEB9C-FB65-4C56-82CA-145C22B9F8B9}.Release|Any CPU.ActiveCfg = Release|Any CPU
		{DA5FEB9C-FB65-4C56-82CA-145C22B9F8B9}.Release|Any CPU.Build.0 = Release|Any CPU
	EndGlobalSection
	GlobalSection(SolutionProperties) = preSolution
		HideSolutionNode = FALSE
	EndGlobalSection
	GlobalSection(ExtensibilityGlobals) = postSolution
		SolutionGuid = {99BE2172-5146-4761-8870-B986EB3A0C47}
	EndGlobalSection
EndGlobal
